
Microsoft Visual Studio Solution File, Format Version 12.00
# Visual Studio 15
Project("{FAE04EC0-301F-11D3-BF4B-00C04F79EFBC}") = "2019DecNunit", "2019DecNunit\2019DecNunit.csproj", "{D7241A44-63DA-4B36-AB56-8211233213BE}"
EndProject
Global
	GlobalSection(SolutionConfigurationPlatforms) = preSolution
		Debug|Any CPU = Debug|Any CPU
		Release|Any CPU = Release|Any CPU
	EndGlobalSection
	GlobalSection(ProjectConfigurationPlatforms) = postSolution
		{D7241A44-63DA-4B36-AB56-8211233213BE}.Debug|Any CPU.ActiveCfg = Debug|Any CPU
		{D7241A44-63DA-4B36-AB56-8211233213BE}.Debug|Any CPU.Build.0 = Debug|Any CPU
		{D7241A44-63DA-4B36-AB56-8211233213BE}.Release|Any CPU.ActiveCfg = Release|Any CPU
		{D7241A44-63DA-4B36-AB56-8211233213BE}.Release|Any CPU.Build.0 = Release|Any CPU
	EndGlobalSection
EndGlobal
